// !$*UTF8*$!
{
	archiveVersion = 1;
	classes = {
	};
	objectVersion = 90;
	objects = {

/* Begin PBXBuildFile section */
		EC3E0F942CE1330E0026AA8C /* AIProxy in Frameworks */ = {isa = PBXBuildFile; productRef = EC3E0F932CE1330E0026AA8C /* AIProxy */; };
/* End PBXBuildFile section */

/* Begin PBXContainerItemProxy section */
		EC7D0FAF2BBB98BF0035FB6D /* PBXContainerItemProxy */ = {
			isa = PBXContainerItemProxy;
			containerPortal = 94E108772487333A0091D043 /* Project object */;
			proxyType = 1;
			remoteGlobalIDString = 94E1087E2487333A0091D043;
			remoteInfo = Sudoku;
		};
/* End PBXContainerItemProxy section */

/* Begin PBXFileReference section */
		94E1087F2487333A0091D043 /* Sudoku.app */ = {isa = PBXFileReference; explicitFileType = wrapper.application; includeInIndex = 0; path = Sudoku.app; sourceTree = BUILT_PRODUCTS_DIR; };
		EC7D0FAB2BBB98BE0035FB6D /* SudokuTests.xctest */ = {isa = PBXFileReference; explicitFileType = wrapper.cfbundle; includeInIndex = 0; path = SudokuTests.xctest; sourceTree = BUILT_PRODUCTS_DIR; };
/* End PBXFileReference section */

/* Begin PBXFileSystemSynchronizedBuildFileExceptionSet section */
		EC90CD2D2CCC302A005F4BE3 /* Exceptions for "Sudoku" folder in "Sudoku" target */ = {
			isa = PBXFileSystemSynchronizedBuildFileExceptionSet;
			membershipExceptions = (
				Info.plist,
			);
			target = 94E1087E2487333A0091D043 /* Sudoku */;
		};
/* End PBXFileSystemSynchronizedBuildFileExceptionSet section */

/* Begin PBXFileSystemSynchronizedRootGroup section */
		EC90CCB62CCC3027005F4BE3 /* SudokuTests */ = {
			isa = PBXFileSystemSynchronizedRootGroup;
			path = SudokuTests;
			sourceTree = "<group>";
		};
		EC90CCF62CCC302A005F4BE3 /* Sudoku */ = {
			isa = PBXFileSystemSynchronizedRootGroup;
			exceptions = (
				EC90CD2D2CCC302A005F4BE3 /* Exceptions for "Sudoku" folder in "Sudoku" target */,
			);
			path = Sudoku;
			sourceTree = "<group>";
		};
/* End PBXFileSystemSynchronizedRootGroup section */

/* Begin PBXFrameworksBuildPhase section */
		94E1087C2487333A0091D043 /* Frameworks */ = {
			isa = PBXFrameworksBuildPhase;
			files = (
				EC3E0F942CE1330E0026AA8C /* AIProxy in Frameworks */,
			);
		};
		EC7D0FA82BBB98BE0035FB6D /* Frameworks */ = {
			isa = PBXFrameworksBuildPhase;
			files = (
			);
		};
/* End PBXFrameworksBuildPhase section */

/* Begin PBXGroup section */
		94E108762487333A0091D043 = {
			isa = PBXGroup;
			children = (
				EC90CCF62CCC302A005F4BE3 /* Sudoku */,
				EC90CCB62CCC3027005F4BE3 /* SudokuTests */,
				94E108802487333A0091D043 /* Products */,
			);
			sourceTree = "<group>";
		};
		94E108802487333A0091D043 /* Products */ = {
			isa = PBXGroup;
			children = (
				94E1087F2487333A0091D043 /* Sudoku.app */,
				EC7D0FAB2BBB98BE0035FB6D /* SudokuTests.xctest */,
			);
			name = Products;
			sourceTree = "<group>";
		};
/* End PBXGroup section */

/* Begin PBXNativeTarget section */
		94E1087E2487333A0091D043 /* Sudoku */ = {
			isa = PBXNativeTarget;
			buildConfigurationList = 94E108932487333F0091D043 /* Build configuration list for PBXNativeTarget "Sudoku" */;
			buildPhases = (
				94E1087B2487333A0091D043 /* Sources */,
				94E1087C2487333A0091D043 /* Frameworks */,
				94E1087D2487333A0091D043 /* Resources */,
			);
			buildRules = (
			);
			fileSystemSynchronizedGroups = (
				EC90CCF62CCC302A005F4BE3 /* Sudoku */,
			);
			name = Sudoku;
			productName = Sudoku;
			productReference = 94E1087F2487333A0091D043 /* Sudoku.app */;
			productType = "com.apple.product-type.application";
		};
		EC7D0FAA2BBB98BE0035FB6D /* SudokuTests */ = {
			isa = PBXNativeTarget;
			buildConfigurationList = EC7D0FB32BBB98BF0035FB6D /* Build configuration list for PBXNativeTarget "SudokuTests" */;
			buildPhases = (
				EC7D0FA72BBB98BE0035FB6D /* Sources */,
				EC7D0FA82BBB98BE0035FB6D /* Frameworks */,
				EC7D0FA92BBB98BE0035FB6D /* Resources */,
			);
			buildRules = (
			);
			dependencies = (
				EC7D0FB02BBB98BF0035FB6D /* PBXTargetDependency */,
			);
			fileSystemSynchronizedGroups = (
				EC90CCB62CCC3027005F4BE3 /* SudokuTests */,
			);
			name = SudokuTests;
			productName = SudokuTests;
			productReference = EC7D0FAB2BBB98BE0035FB6D /* SudokuTests.xctest */;
			productType = "com.apple.product-type.bundle.unit-test";
		};
/* End PBXNativeTarget section */

/* Begin PBXProject section */
		94E108772487333A0091D043 /* Project object */ = {
			isa = PBXProject;
			attributes = {
				BuildIndependentTargetsInParallel = YES;
				LastSwiftUpdateCheck = 1520;
				LastUpgradeCheck = 2600;
				ORGANIZATIONNAME = Self;
				TargetAttributes = {
					94E1087E2487333A0091D043 = {
						CreatedOnToolsVersion = 11.4.1;
					};
					EC7D0FAA2BBB98BE0035FB6D = {
						CreatedOnToolsVersion = 15.2;
						TestTargetID = 94E1087E2487333A0091D043;
					};
				};
			};
			buildConfigurationList = 94E1087A2487333A0091D043 /* Build configuration list for PBXProject "Sudoku" */;
			developmentRegion = en;
			hasScannedForEncodings = 0;
			knownRegions = (
				en,
				Base,
			);
			mainGroup = 94E108762487333A0091D043;
			packageReferences = (
				EC3E0F922CE1330E0026AA8C /* XCRemoteSwiftPackageReference "aiproxyswift" */,
			);
			preferredProjectObjectVersion = 90;
			productRefGroup = 94E108802487333A0091D043 /* Products */;
			projectDirPath = "";
			projectRoot = "";
			targets = (
				94E1087E2487333A0091D043 /* Sudoku */,
				EC7D0FAA2BBB98BE0035FB6D /* SudokuTests */,
			);
		};
/* End PBXProject section */

/* Begin PBXResourcesBuildPhase section */
		94E1087D2487333A0091D043 /* Resources */ = {
			isa = PBXResourcesBuildPhase;
			files = (
			);
		};
		EC7D0FA92BBB98BE0035FB6D /* Resources */ = {
			isa = PBXResourcesBuildPhase;
			files = (
			);
		};
/* End PBXResourcesBuildPhase section */

/* Begin PBXSourcesBuildPhase section */
		94E1087B2487333A0091D043 /* Sources */ = {
			isa = PBXSourcesBuildPhase;
			files = (
			);
		};
		EC7D0FA72BBB98BE0035FB6D /* Sources */ = {
			isa = PBXSourcesBuildPhase;
			files = (
			);
		};
/* End PBXSourcesBuildPhase section */

/* Begin PBXTargetDependency section */
		EC7D0FB02BBB98BF0035FB6D /* PBXTargetDependency */ = {
			isa = PBXTargetDependency;
			target = 94E1087E2487333A0091D043 /* Sudoku */;
			targetProxy = EC7D0FAF2BBB98BF0035FB6D /* PBXContainerItemProxy */;
		};
/* End PBXTargetDependency section */

/* Begin XCBuildConfiguration section */
		94E108912487333F0091D043 /* Debug configuration for PBXProject "Sudoku" */ = {
			isa = XCBuildConfiguration;
			buildSettings = {
				ALWAYS_SEARCH_USER_PATHS = NO;
				ASSETCATALOG_COMPILER_GENERATE_SWIFT_ASSET_SYMBOL_EXTENSIONS = YES;
				CLANG_ANALYZER_NONNULL = YES;
				CLANG_ANALYZER_NUMBER_OBJECT_CONVERSION = YES_AGGRESSIVE;
				CLANG_CXX_LANGUAGE_STANDARD = "gnu++14";
				CLANG_CXX_LIBRARY = "libc++";
				CLANG_ENABLE_MODULES = YES;
				CLANG_ENABLE_OBJC_ARC = YES;
				CLANG_ENABLE_OBJC_WEAK = YES;
				CLANG_WARN_BLOCK_CAPTURE_AUTORELEASING = YES;
				CLANG_WARN_BOOL_CONVERSION = YES;
				CLANG_WARN_COMMA = YES;
				CLANG_WARN_CONSTANT_CONVERSION = YES;
				CLANG_WARN_DEPRECATED_OBJC_IMPLEMENTATIONS = YES;
				CLANG_WARN_DIRECT_OBJC_ISA_USAGE = YES_ERROR;
				CLANG_WARN_DOCUMENTATION_COMMENTS = YES;
				CLANG_WARN_EMPTY_BODY = YES;
				CLANG_WARN_ENUM_CONVERSION = YES;
				CLANG_WARN_INFINITE_RECURSION = YES;
				CLANG_WARN_INT_CONVERSION = YES;
				CLANG_WARN_NON_LITERAL_NULL_CONVERSION = YES;
				CLANG_WARN_OBJC_IMPLICIT_RETAIN_SELF = YES;
				CLANG_WARN_OBJC_LITERAL_CONVERSION = YES;
				CLANG_WARN_OBJC_ROOT_CLASS = YES_ERROR;
				CLANG_WARN_QUOTED_INCLUDE_IN_FRAMEWORK_HEADER = YES;
				CLANG_WARN_RANGE_LOOP_ANALYSIS = YES;
				CLANG_WARN_STRICT_PROTOTYPES = YES;
				CLANG_WARN_SUSPICIOUS_MOVE = YES;
				CLANG_WARN_UNGUARDED_AVAILABILITY = YES_AGGRESSIVE;
				CLANG_WARN_UNREACHABLE_CODE = YES;
				CLANG_WARN__DUPLICATE_METHOD_MATCH = YES;
				COPY_PHASE_STRIP = NO;
				DEBUG_INFORMATION_FORMAT = dwarf;
				DEVELOPMENT_TEAM = 49BZEB79BF;
				ENABLE_STRICT_OBJC_MSGSEND = YES;
				ENABLE_TESTABILITY = YES;
				ENABLE_USER_SCRIPT_SANDBOXING = YES;
				GCC_C_LANGUAGE_STANDARD = gnu11;
				GCC_DYNAMIC_NO_PIC = NO;
				GCC_NO_COMMON_BLOCKS = YES;
				GCC_OPTIMIZATION_LEVEL = 0;
				GCC_PREPROCESSOR_DEFINITIONS = (
					"DEBUG=1",
					"$(inherited)",
				);
				GCC_WARN_64_TO_32_BIT_CONVERSION = YES;
				GCC_WARN_ABOUT_RETURN_TYPE = YES_ERROR;
				GCC_WARN_UNDECLARED_SELECTOR = YES;
				GCC_WARN_UNINITIALIZED_AUTOS = YES_AGGRESSIVE;
				GCC_WARN_UNUSED_FUNCTION = YES;
				GCC_WARN_UNUSED_VARIABLE = YES;
				IPHONEOS_DEPLOYMENT_TARGET = 17.0;
				MTL_ENABLE_DEBUG_INFO = INCLUDE_SOURCE;
				MTL_FAST_MATH = YES;
				ONLY_ACTIVE_ARCH = YES;
				SDKROOT = iphoneos;
				STRING_CATALOG_GENERATE_SYMBOLS = YES;
				SWIFT_ACTIVE_COMPILATION_CONDITIONS = DEBUG;
				SWIFT_OPTIMIZATION_LEVEL = "-Onone";
				XROS_DEPLOYMENT_TARGET = 1.0;
			};
			name = Debug;
		};
		94E108922487333F0091D043 /* Release configuration for PBXProject "Sudoku" */ = {
			isa = XCBuildConfiguration;
			buildSettings = {
				ALWAYS_SEARCH_USER_PATHS = NO;
				ASSETCATALOG_COMPILER_GENERATE_SWIFT_ASSET_SYMBOL_EXTENSIONS = YES;
				CLANG_ANALYZER_NONNULL = YES;
				CLANG_ANALYZER_NUMBER_OBJECT_CONVERSION = YES_AGGRESSIVE;
				CLANG_CXX_LANGUAGE_STANDARD = "gnu++14";
				CLANG_CXX_LIBRARY = "libc++";
				CLANG_ENABLE_MODULES = YES;
				CLANG_ENABLE_OBJC_ARC = YES;
				CLANG_ENABLE_OBJC_WEAK = YES;
				CLANG_WARN_BLOCK_CAPTURE_AUTORELEASING = YES;
				CLANG_WARN_BOOL_CONVERSION = YES;
				CLANG_WARN_COMMA = YES;
				CLANG_WARN_CONSTANT_CONVERSION = YES;
				CLANG_WARN_DEPRECATED_OBJC_IMPLEMENTATIONS = YES;
				CLANG_WARN_DIRECT_OBJC_ISA_USAGE = YES_ERROR;
				CLANG_WARN_DOCUMENTATION_COMMENTS = YES;
				CLANG_WARN_EMPTY_BODY = YES;
				CLANG_WARN_ENUM_CONVERSION = YES;
				CLANG_WARN_INFINITE_RECURSION = YES;
				CLANG_WARN_INT_CONVERSION = YES;
				CLANG_WARN_NON_LITERAL_NULL_CONVERSION = YES;
				CLANG_WARN_OBJC_IMPLICIT_RETAIN_SELF = YES;
				CLANG_WARN_OBJC_LITERAL_CONVERSION = YES;
				CLANG_WARN_OBJC_ROOT_CLASS = YES_ERROR;
				CLANG_WARN_QUOTED_INCLUDE_IN_FRAMEWORK_HEADER = YES;
				CLANG_WARN_RANGE_LOOP_ANALYSIS = YES;
				CLANG_WARN_STRICT_PROTOTYPES = YES;
				CLANG_WARN_SUSPICIOUS_MOVE = YES;
				CLANG_WARN_UNGUARDED_AVAILABILITY = YES_AGGRESSIVE;
				CLANG_WARN_UNREACHABLE_CODE = YES;
				CLANG_WARN__DUPLICATE_METHOD_MATCH = YES;
				COPY_PHASE_STRIP = NO;
				DEBUG_INFORMATION_FORMAT = "dwarf-with-dsym";
				DEVELOPMENT_TEAM = 49BZEB79BF;
				ENABLE_NS_ASSERTIONS = NO;
				ENABLE_STRICT_OBJC_MSGSEND = YES;
				ENABLE_USER_SCRIPT_SANDBOXING = YES;
				GCC_C_LANGUAGE_STANDARD = gnu11;
				GCC_NO_COMMON_BLOCKS = YES;
				GCC_WARN_64_TO_32_BIT_CONVERSION = YES;
				GCC_WARN_ABOUT_RETURN_TYPE = YES_ERROR;
				GCC_WARN_UNDECLARED_SELECTOR = YES;
				GCC_WARN_UNINITIALIZED_AUTOS = YES_AGGRESSIVE;
				GCC_WARN_UNUSED_FUNCTION = YES;
				GCC_WARN_UNUSED_VARIABLE = YES;
				IPHONEOS_DEPLOYMENT_TARGET = 17.0;
				MTL_ENABLE_DEBUG_INFO = NO;
				MTL_FAST_MATH = YES;
				SDKROOT = iphoneos;
				STRING_CATALOG_GENERATE_SYMBOLS = YES;
				SWIFT_COMPILATION_MODE = wholemodule;
				SWIFT_OPTIMIZATION_LEVEL = "-O";
				VALIDATE_PRODUCT = YES;
				XROS_DEPLOYMENT_TARGET = 1.0;
			};
			name = Release;
		};
		94E108942487333F0091D043 /* Debug configuration for PBXNativeTarget "Sudoku" */ = {
			isa = XCBuildConfiguration;
			buildSettings = {
				ASSETCATALOG_COMPILER_APPICON_NAME = AppIcon;
				CODE_SIGN_STYLE = Automatic;
				CURRENT_PROJECT_VERSION = 30;
				DEVELOPMENT_ASSET_PATHS = "\"Sudoku/Preview Content\"";
				ENABLE_PREVIEWS = YES;
				INFOPLIST_FILE = Sudoku/Info.plist;
				INFOPLIST_KEY_LSApplicationCategoryType = "public.app-category.puzzle-games";
				IPHONEOS_DEPLOYMENT_TARGET = 18.0;
				LD_RUNPATH_SEARCH_PATHS = (
					"$(inherited)",
					"@executable_path/Frameworks",
				);
				MARKETING_VERSION = 4.12.0;
				PRODUCT_BUNDLE_IDENTIFIER = com.rckim.Sudoku;
				PRODUCT_NAME = "$(TARGET_NAME)";
				SUPPORTED_PLATFORMS = "iphoneos iphonesimulator xros xrsimulator";
				SUPPORTS_MACCATALYST = NO;
				SUPPORTS_XR_DESIGNED_FOR_IPHONE_IPAD = NO;
				SWIFT_STRICT_CONCURRENCY = complete;
				SWIFT_UPCOMING_FEATURE_CONCISE_MAGIC_FILE = YES;
				SWIFT_UPCOMING_FEATURE_DEPRECATE_APPLICATION_MAIN = YES;
				SWIFT_UPCOMING_FEATURE_DISABLE_OUTWARD_ACTOR_ISOLATION = YES;
				SWIFT_UPCOMING_FEATURE_FORWARD_TRAILING_CLOSURES = YES;
				SWIFT_UPCOMING_FEATURE_GLOBAL_CONCURRENCY = YES;
				SWIFT_UPCOMING_FEATURE_IMPLICIT_OPEN_EXISTENTIALS = YES;
				SWIFT_UPCOMING_FEATURE_IMPORT_OBJC_FORWARD_DECLS = YES;
				SWIFT_UPCOMING_FEATURE_INFER_SENDABLE_FROM_CAPTURES = YES;
				SWIFT_UPCOMING_FEATURE_ISOLATED_DEFAULT_VALUES = YES;
				SWIFT_UPCOMING_FEATURE_REGION_BASED_ISOLATION = YES;
				SWIFT_VERSION = 6.0;
				TARGETED_DEVICE_FAMILY = "1,2,7";
				XROS_DEPLOYMENT_TARGET = 2.0;
			};
			name = Debug;
		};
		94E108952487333F0091D043 /* Release configuration for PBXNativeTarget "Sudoku" */ = {
			isa = XCBuildConfiguration;
			buildSettings = {
				ASSETCATALOG_COMPILER_APPICON_NAME = AppIcon;
				CODE_SIGN_STYLE = Automatic;
				CURRENT_PROJECT_VERSION = 30;
				DEVELOPMENT_ASSET_PATHS = "\"Sudoku/Preview Content\"";
				ENABLE_PREVIEWS = YES;
				INFOPLIST_FILE = Sudoku/Info.plist;
				INFOPLIST_KEY_LSApplicationCategoryType = "public.app-category.puzzle-games";
				IPHONEOS_DEPLOYMENT_TARGET = 18.0;
				LD_RUNPATH_SEARCH_PATHS = (
					"$(inherited)",
					"@executable_path/Frameworks",
				);
				MARKETING_VERSION = 4.12.0;
				PRODUCT_BUNDLE_IDENTIFIER = com.rckim.Sudoku;
				PRODUCT_NAME = "$(TARGET_NAME)";
				SUPPORTED_PLATFORMS = "iphoneos iphonesimulator xros xrsimulator";
				SUPPORTS_MACCATALYST = NO;
				SUPPORTS_XR_DESIGNED_FOR_IPHONE_IPAD = NO;
				SWIFT_STRICT_CONCURRENCY = complete;
				SWIFT_UPCOMING_FEATURE_CONCISE_MAGIC_FILE = YES;
				SWIFT_UPCOMING_FEATURE_DEPRECATE_APPLICATION_MAIN = YES;
				SWIFT_UPCOMING_FEATURE_DISABLE_OUTWARD_ACTOR_ISOLATION = YES;
				SWIFT_UPCOMING_FEATURE_FORWARD_TRAILING_CLOSURES = YES;
				SWIFT_UPCOMING_FEATURE_GLOBAL_CONCURRENCY = YES;
				SWIFT_UPCOMING_FEATURE_IMPLICIT_OPEN_EXISTENTIALS = YES;
				SWIFT_UPCOMING_FEATURE_IMPORT_OBJC_FORWARD_DECLS = YES;
				SWIFT_UPCOMING_FEATURE_INFER_SENDABLE_FROM_CAPTURES = YES;
				SWIFT_UPCOMING_FEATURE_ISOLATED_DEFAULT_VALUES = YES;
				SWIFT_UPCOMING_FEATURE_REGION_BASED_ISOLATION = YES;
				SWIFT_VERSION = 6.0;
				TARGETED_DEVICE_FAMILY = "1,2,7";
				XROS_DEPLOYMENT_TARGET = 2.0;
			};
			name = Release;
		};
		EC7D0FB12BBB98BF0035FB6D /* Debug configuration for PBXNativeTarget "SudokuTests" */ = {
			isa = XCBuildConfiguration;
			buildSettings = {
				BUNDLE_LOADER = "$(TEST_HOST)";
				CLANG_CXX_LANGUAGE_STANDARD = "gnu++20";
				CODE_SIGN_STYLE = Automatic;
				CURRENT_PROJECT_VERSION = 1;
				GCC_C_LANGUAGE_STANDARD = gnu17;
				GENERATE_INFOPLIST_FILE = YES;
				IPHONEOS_DEPLOYMENT_TARGET = 18.0;
				LOCALIZATION_PREFERS_STRING_CATALOGS = YES;
				MARKETING_VERSION = 1.0;
				PRODUCT_BUNDLE_IDENTIFIER = rckim.SudokuTests;
				PRODUCT_NAME = "$(TARGET_NAME)";
				SUPPORTED_PLATFORMS = "iphoneos iphonesimulator xros xrsimulator";
				SUPPORTS_MACCATALYST = NO;
				SUPPORTS_XR_DESIGNED_FOR_IPHONE_IPAD = NO;
				SWIFT_ACTIVE_COMPILATION_CONDITIONS = "DEBUG $(inherited)";
				SWIFT_EMIT_LOC_STRINGS = NO;
				SWIFT_VERSION = 5.0;
				TARGETED_DEVICE_FAMILY = "1,2,7";
				TEST_HOST = "$(BUILT_PRODUCTS_DIR)/Sudoku.app/$(BUNDLE_EXECUTABLE_FOLDER_PATH)/Sudoku";
				XROS_DEPLOYMENT_TARGET = 2.0;
			};
			name = Debug;
		};
		EC7D0FB22BBB98BF0035FB6D /* Release configuration for PBXNativeTarget "SudokuTests" */ = {
			isa = XCBuildConfiguration;
			buildSettings = {
				BUNDLE_LOADER = "$(TEST_HOST)";
				CLANG_CXX_LANGUAGE_STANDARD = "gnu++20";
				CODE_SIGN_STYLE = Automatic;
				CURRENT_PROJECT_VERSION = 1;
				GCC_C_LANGUAGE_STANDARD = gnu17;
				GENERATE_INFOPLIST_FILE = YES;
				IPHONEOS_DEPLOYMENT_TARGET = 18.0;
				LOCALIZATION_PREFERS_STRING_CATALOGS = YES;
				MARKETING_VERSION = 1.0;
				PRODUCT_BUNDLE_IDENTIFIER = rckim.SudokuTests;
				PRODUCT_NAME = "$(TARGET_NAME)";
				SUPPORTED_PLATFORMS = "iphoneos iphonesimulator xros xrsimulator";
				SUPPORTS_MACCATALYST = NO;
				SUPPORTS_XR_DESIGNED_FOR_IPHONE_IPAD = NO;
				SWIFT_EMIT_LOC_STRINGS = NO;
				SWIFT_VERSION = 5.0;
				TARGETED_DEVICE_FAMILY = "1,2,7";
				TEST_HOST = "$(BUILT_PRODUCTS_DIR)/Sudoku.app/$(BUNDLE_EXECUTABLE_FOLDER_PATH)/Sudoku";
				XROS_DEPLOYMENT_TARGET = 2.0;
			};
			name = Release;
		};
/* End XCBuildConfiguration section */

/* Begin XCConfigurationList section */
		94E1087A2487333A0091D043 /* Build configuration list for PBXProject "Sudoku" */ = {
			isa = XCConfigurationList;
			buildConfigurations = (
				94E108912487333F0091D043 /* Debug configuration for PBXProject "Sudoku" */,
				94E108922487333F0091D043 /* Release configuration for PBXProject "Sudoku" */,
			);
			defaultConfigurationName = Release;
		};
		94E108932487333F0091D043 /* Build configuration list for PBXNativeTarget "Sudoku" */ = {
			isa = XCConfigurationList;
			buildConfigurations = (
				94E108942487333F0091D043 /* Debug configuration for PBXNativeTarget "Sudoku" */,
				94E108952487333F0091D043 /* Release configuration for PBXNativeTarget "Sudoku" */,
			);
			defaultConfigurationName = Release;
		};
		EC7D0FB32BBB98BF0035FB6D /* Build configuration list for PBXNativeTarget "SudokuTests" */ = {
			isa = XCConfigurationList;
			buildConfigurations = (
				EC7D0FB12BBB98BF0035FB6D /* Debug configuration for PBXNativeTarget "SudokuTests" */,
				EC7D0FB22BBB98BF0035FB6D /* Release configuration for PBXNativeTarget "SudokuTests" */,
			);
			defaultConfigurationName = Release;
		};
/* End XCConfigurationList section */

/* Begin XCRemoteSwiftPackageReference section */
		EC3E0F922CE1330E0026AA8C /* XCRemoteSwiftPackageReference "aiproxyswift" */ = {
			isa = XCRemoteSwiftPackageReference;
			repositoryURL = "https://github.com/lzell/aiproxyswift";
			requirement = {
				branch = main;
				kind = branch;
			};
		};
/* End XCRemoteSwiftPackageReference section */

/* Begin XCSwiftPackageProductDependency section */
		EC3E0F932CE1330E0026AA8C /* AIProxy */ = {
			isa = XCSwiftPackageProductDependency;
			package = EC3E0F922CE1330E0026AA8C /* XCRemoteSwiftPackageReference "aiproxyswift" */;
			productName = AIProxy;
		};
/* End XCSwiftPackageProductDependency section */
	};
	rootObject = 94E108772487333A0091D043 /* Project object */;
}
