// !$*UTF8*$!
{
	archiveVersion = 1;
	classes = {
	};
	objectVersion = 54;
	objects = {

/* Begin PBXBuildFile section */
		94600FB224973BD600E605FD /* EditCellGrid.swift in Sources */ = {isa = PBXBuildFile; fileRef = 94600FB124973BD600E605FD /* EditCellGrid.swift */; };
		94600FB424973ECC00E605FD /* CoordinateEditValues.swift in Sources */ = {isa = PBXBuildFile; fileRef = 94600FB324973ECC00E605FD /* CoordinateEditValues.swift */; };
		94600FB624973EF300E605FD /* EditGridValues.swift in Sources */ = {isa = PBXBuildFile; fileRef = 94600FB524973EF300E605FD /* EditGridValues.swift */; };
		94600FBE2499C37300E605FD /* EditButton.swift in Sources */ = {isa = PBXBuildFile; fileRef = 94600FBD2499C37300E605FD /* EditButton.swift */; };
		94600FC02499C4A700E605FD /* ClearButton.swift in Sources */ = {isa = PBXBuildFile; fileRef = 94600FBF2499C4A700E605FD /* ClearButton.swift */; };
		94600FC22499C73200E605FD /* Difficulty.swift in Sources */ = {isa = PBXBuildFile; fileRef = 94600FC12499C73200E605FD /* Difficulty.swift */; };
		94600FD7249B1E8400E605FD /* GridFactory.swift in Sources */ = {isa = PBXBuildFile; fileRef = 94600FD6249B1E8400E605FD /* GridFactory.swift */; };
		94677437248756CA00F636D4 /* Row.swift in Sources */ = {isa = PBXBuildFile; fileRef = 94677436248756CA00F636D4 /* Row.swift */; };
		946774392487572700F636D4 /* Square.swift in Sources */ = {isa = PBXBuildFile; fileRef = 946774382487572700F636D4 /* Square.swift */; };
		9467743B2487579300F636D4 /* SudokuGrid.swift in Sources */ = {isa = PBXBuildFile; fileRef = 9467743A2487579300F636D4 /* SudokuGrid.swift */; };
		9467743D24875D4E00F636D4 /* SelectedCell.swift in Sources */ = {isa = PBXBuildFile; fileRef = 9467743C24875D4E00F636D4 /* SelectedCell.swift */; };
		94A9CCB62488A394008551B6 /* RowButtonText.swift in Sources */ = {isa = PBXBuildFile; fileRef = 94A9CCB52488A394008551B6 /* RowButtonText.swift */; };
		94A9CCB82488A96D008551B6 /* KeysRowButtonText.swift in Sources */ = {isa = PBXBuildFile; fileRef = 94A9CCB72488A96D008551B6 /* KeysRowButtonText.swift */; };
		94A9CCBB2488AAFE008551B6 /* UserAction.swift in Sources */ = {isa = PBXBuildFile; fileRef = 94A9CCBA2488AAFE008551B6 /* UserAction.swift */; };
		94A9CCCA248DD7A4008551B6 /* GridValues.swift in Sources */ = {isa = PBXBuildFile; fileRef = 94A9CCC9248DD7A4008551B6 /* GridValues.swift */; };
		94E108872487333B0091D043 /* ContentView.swift in Sources */ = {isa = PBXBuildFile; fileRef = 94E108862487333B0091D043 /* ContentView.swift */; };
		94E108892487333E0091D043 /* Assets.xcassets in Resources */ = {isa = PBXBuildFile; fileRef = 94E108882487333E0091D043 /* Assets.xcassets */; };
		94E1088C2487333E0091D043 /* Preview Assets.xcassets in Resources */ = {isa = PBXBuildFile; fileRef = 94E1088B2487333E0091D043 /* Preview Assets.xcassets */; };
		94E1088F2487333E0091D043 /* LaunchScreen.storyboard in Resources */ = {isa = PBXBuildFile; fileRef = 94E1088D2487333E0091D043 /* LaunchScreen.storyboard */; };
		94E10897248740890091D043 /* KeysRow.swift in Sources */ = {isa = PBXBuildFile; fileRef = 94E10896248740890091D043 /* KeysRow.swift */; };
		94E1089924874AFB0091D043 /* Extensions.swift in Sources */ = {isa = PBXBuildFile; fileRef = 94E1089824874AFB0091D043 /* Extensions.swift */; };
		94E1089B24874B9D0091D043 /* CornerRadiusStyle.swift in Sources */ = {isa = PBXBuildFile; fileRef = 94E1089A24874B9D0091D043 /* CornerRadiusStyle.swift */; };
		94E9F32D2493FC3300B1D003 /* SudokuSolver.swift in Sources */ = {isa = PBXBuildFile; fileRef = 94E9F32C2493FC3300B1D003 /* SudokuSolver.swift */; };
		94E9F32F2494001100B1D003 /* CoordinateValue.swift in Sources */ = {isa = PBXBuildFile; fileRef = 94E9F32E2494001100B1D003 /* CoordinateValue.swift */; };
		94E9F3342494289A00B1D003 /* EditState.swift in Sources */ = {isa = PBXBuildFile; fileRef = 94E9F3332494289A00B1D003 /* EditState.swift */; };
		EC2148A92B366588005D5610 /* API.swift in Sources */ = {isa = PBXBuildFile; fileRef = EC2148A82B366588005D5610 /* API.swift */; };
		EC2148AB2B3665A2005D5610 /* ChatResponse.swift in Sources */ = {isa = PBXBuildFile; fileRef = EC2148AA2B3665A2005D5610 /* ChatResponse.swift */; };
		EC2148AD2B366A3E005D5610 /* HintButton.swift in Sources */ = {isa = PBXBuildFile; fileRef = EC2148AC2B366A3E005D5610 /* HintButton.swift */; };
		EC26D1372C44ABDB0088616C /* WindowSize.swift in Sources */ = {isa = PBXBuildFile; fileRef = EC26D1362C44ABDB0088616C /* WindowSize.swift */; };
		EC7D0FAE2BBB98BF0035FB6D /* RowViewModelTests.swift in Sources */ = {isa = PBXBuildFile; fileRef = EC7D0FAD2BBB98BF0035FB6D /* RowViewModelTests.swift */; };
		EC8435DC24A58F4400D311FF /* ViewModel.swift in Sources */ = {isa = PBXBuildFile; fileRef = EC8435DB24A58F4400D311FF /* ViewModel.swift */; };
		EC8435E224A9A53A00D311FF /* CoordinateColor.swift in Sources */ = {isa = PBXBuildFile; fileRef = EC8435E124A9A53A00D311FF /* CoordinateColor.swift */; };
		EC8435E424AA9B8300D311FF /* EditCellGridText.swift in Sources */ = {isa = PBXBuildFile; fileRef = EC8435E324AA9B8300D311FF /* EditCellGridText.swift */; };
		EC8435E624ABE61500D311FF /* GameView.swift in Sources */ = {isa = PBXBuildFile; fileRef = EC8435E524ABE61500D311FF /* GameView.swift */; };
		EC8435E824ABEBD300D311FF /* SettingsView.swift in Sources */ = {isa = PBXBuildFile; fileRef = EC8435E724ABEBD300D311FF /* SettingsView.swift */; };
		EC8435EC24AD913A00D311FF /* NewGameButton.swift in Sources */ = {isa = PBXBuildFile; fileRef = EC8435EB24AD913A00D311FF /* NewGameButton.swift */; };
		EC8435EE24AE4D7100D311FF /* DynamicButtonStyle.swift in Sources */ = {isa = PBXBuildFile; fileRef = EC8435ED24AE4D7100D311FF /* DynamicButtonStyle.swift */; };
		EC8435F224AE519100D311FF /* FullBackgroundStyle.swift in Sources */ = {isa = PBXBuildFile; fileRef = EC8435F124AE519100D311FF /* FullBackgroundStyle.swift */; };
		EC8435F424AE5F0800D311FF /* AlertItem.swift in Sources */ = {isa = PBXBuildFile; fileRef = EC8435F324AE5F0800D311FF /* AlertItem.swift */; };
		EC8435F624AE717500D311FF /* ContentViewModel.swift in Sources */ = {isa = PBXBuildFile; fileRef = EC8435F524AE717500D311FF /* ContentViewModel.swift */; };
		EC8435F824AE728700D311FF /* SquareViewModel.swift in Sources */ = {isa = PBXBuildFile; fileRef = EC8435F724AE728700D311FF /* SquareViewModel.swift */; };
		EC8638C52BA1222400CDC5E4 /* HowToPlayView.swift in Sources */ = {isa = PBXBuildFile; fileRef = EC8638C42BA1222400CDC5E4 /* HowToPlayView.swift */; };
		EC8638C72BA12CE800CDC5E4 /* StaticGridView.swift in Sources */ = {isa = PBXBuildFile; fileRef = EC8638C62BA12CE800CDC5E4 /* StaticGridView.swift */; };
		EC8638CA2BA1311700CDC5E4 /* StaticSquareView.swift in Sources */ = {isa = PBXBuildFile; fileRef = EC8638C92BA1311700CDC5E4 /* StaticSquareView.swift */; };
		EC8638CC2BA1326F00CDC5E4 /* StaticRowView.swift in Sources */ = {isa = PBXBuildFile; fileRef = EC8638CB2BA1326F00CDC5E4 /* StaticRowView.swift */; };
		ECC299BC2C35FECC004F5A1B /* SavedGameState.swift in Sources */ = {isa = PBXBuildFile; fileRef = ECC299BB2C35FECC004F5A1B /* SavedGameState.swift */; };
		ECC299C42C41D059004F5A1B /* GameLevelNavigationLink.swift in Sources */ = {isa = PBXBuildFile; fileRef = ECC299C32C41D059004F5A1B /* GameLevelNavigationLink.swift */; };
		ECC830A424A41BC30075CE0E /* RowViewModel.swift in Sources */ = {isa = PBXBuildFile; fileRef = ECC830A324A41BC30075CE0E /* RowViewModel.swift */; };
		ECC830A624A5567C0075CE0E /* GameViewModel.swift in Sources */ = {isa = PBXBuildFile; fileRef = ECC830A524A5567C0075CE0E /* GameViewModel.swift */; };
		ECE447ED2B4F514C003D0BC8 /* SudokuApp.swift in Sources */ = {isa = PBXBuildFile; fileRef = ECE447EC2B4F514C003D0BC8 /* SudokuApp.swift */; };
/* End PBXBuildFile section */

/* Begin PBXContainerItemProxy section */
		EC7D0FAF2BBB98BF0035FB6D /* PBXContainerItemProxy */ = {
			isa = PBXContainerItemProxy;
			containerPortal = 94E108772487333A0091D043 /* Project object */;
			proxyType = 1;
			remoteGlobalIDString = 94E1087E2487333A0091D043;
			remoteInfo = Sudoku;
		};
/* End PBXContainerItemProxy section */

/* Begin PBXFileReference section */
		94600FB124973BD600E605FD /* EditCellGrid.swift */ = {isa = PBXFileReference; lastKnownFileType = sourcecode.swift; path = EditCellGrid.swift; sourceTree = "<group>"; };
		94600FB324973ECC00E605FD /* CoordinateEditValues.swift */ = {isa = PBXFileReference; lastKnownFileType = sourcecode.swift; path = CoordinateEditValues.swift; sourceTree = "<group>"; };
		94600FB524973EF300E605FD /* EditGridValues.swift */ = {isa = PBXFileReference; lastKnownFileType = sourcecode.swift; path = EditGridValues.swift; sourceTree = "<group>"; };
		94600FBD2499C37300E605FD /* EditButton.swift */ = {isa = PBXFileReference; lastKnownFileType = sourcecode.swift; path = EditButton.swift; sourceTree = "<group>"; };
		94600FBF2499C4A700E605FD /* ClearButton.swift */ = {isa = PBXFileReference; lastKnownFileType = sourcecode.swift; path = ClearButton.swift; sourceTree = "<group>"; };
		94600FC12499C73200E605FD /* Difficulty.swift */ = {isa = PBXFileReference; lastKnownFileType = sourcecode.swift; path = Difficulty.swift; sourceTree = "<group>"; };
		94600FD6249B1E8400E605FD /* GridFactory.swift */ = {isa = PBXFileReference; lastKnownFileType = sourcecode.swift; path = GridFactory.swift; sourceTree = "<group>"; };
		94677436248756CA00F636D4 /* Row.swift */ = {isa = PBXFileReference; lastKnownFileType = sourcecode.swift; path = Row.swift; sourceTree = "<group>"; };
		946774382487572700F636D4 /* Square.swift */ = {isa = PBXFileReference; lastKnownFileType = sourcecode.swift; path = Square.swift; sourceTree = "<group>"; };
		9467743A2487579300F636D4 /* SudokuGrid.swift */ = {isa = PBXFileReference; lastKnownFileType = sourcecode.swift; path = SudokuGrid.swift; sourceTree = "<group>"; };
		9467743C24875D4E00F636D4 /* SelectedCell.swift */ = {isa = PBXFileReference; lastKnownFileType = sourcecode.swift; path = SelectedCell.swift; sourceTree = "<group>"; };
		94A9CCB52488A394008551B6 /* RowButtonText.swift */ = {isa = PBXFileReference; lastKnownFileType = sourcecode.swift; path = RowButtonText.swift; sourceTree = "<group>"; };
		94A9CCB72488A96D008551B6 /* KeysRowButtonText.swift */ = {isa = PBXFileReference; lastKnownFileType = sourcecode.swift; path = KeysRowButtonText.swift; sourceTree = "<group>"; };
		94A9CCBA2488AAFE008551B6 /* UserAction.swift */ = {isa = PBXFileReference; lastKnownFileType = sourcecode.swift; path = UserAction.swift; sourceTree = "<group>"; };
		94A9CCC9248DD7A4008551B6 /* GridValues.swift */ = {isa = PBXFileReference; lastKnownFileType = sourcecode.swift; path = GridValues.swift; sourceTree = "<group>"; };
		94E1087F2487333A0091D043 /* Sudoku.app */ = {isa = PBXFileReference; explicitFileType = wrapper.application; includeInIndex = 0; path = Sudoku.app; sourceTree = BUILT_PRODUCTS_DIR; };
		94E108862487333B0091D043 /* ContentView.swift */ = {isa = PBXFileReference; lastKnownFileType = sourcecode.swift; path = ContentView.swift; sourceTree = "<group>"; };
		94E108882487333E0091D043 /* Assets.xcassets */ = {isa = PBXFileReference; lastKnownFileType = folder.assetcatalog; path = Assets.xcassets; sourceTree = "<group>"; };
		94E1088B2487333E0091D043 /* Preview Assets.xcassets */ = {isa = PBXFileReference; lastKnownFileType = folder.assetcatalog; path = "Preview Assets.xcassets"; sourceTree = "<group>"; };
		94E1088E2487333E0091D043 /* Base */ = {isa = PBXFileReference; lastKnownFileType = file.storyboard; name = Base; path = Base.lproj/LaunchScreen.storyboard; sourceTree = "<group>"; };
		94E108902487333E0091D043 /* Info.plist */ = {isa = PBXFileReference; lastKnownFileType = text.plist.xml; path = Info.plist; sourceTree = "<group>"; };
		94E10896248740890091D043 /* KeysRow.swift */ = {isa = PBXFileReference; lastKnownFileType = sourcecode.swift; path = KeysRow.swift; sourceTree = "<group>"; };
		94E1089824874AFB0091D043 /* Extensions.swift */ = {isa = PBXFileReference; lastKnownFileType = sourcecode.swift; path = Extensions.swift; sourceTree = "<group>"; };
		94E1089A24874B9D0091D043 /* CornerRadiusStyle.swift */ = {isa = PBXFileReference; lastKnownFileType = sourcecode.swift; path = CornerRadiusStyle.swift; sourceTree = "<group>"; };
		94E9F32C2493FC3300B1D003 /* SudokuSolver.swift */ = {isa = PBXFileReference; lastKnownFileType = sourcecode.swift; path = SudokuSolver.swift; sourceTree = "<group>"; };
		94E9F32E2494001100B1D003 /* CoordinateValue.swift */ = {isa = PBXFileReference; lastKnownFileType = sourcecode.swift; path = CoordinateValue.swift; sourceTree = "<group>"; };
		94E9F3332494289A00B1D003 /* EditState.swift */ = {isa = PBXFileReference; lastKnownFileType = sourcecode.swift; path = EditState.swift; sourceTree = "<group>"; };
		EC2148A82B366588005D5610 /* API.swift */ = {isa = PBXFileReference; lastKnownFileType = sourcecode.swift; path = API.swift; sourceTree = "<group>"; };
		EC2148AA2B3665A2005D5610 /* ChatResponse.swift */ = {isa = PBXFileReference; lastKnownFileType = sourcecode.swift; path = ChatResponse.swift; sourceTree = "<group>"; };
		EC2148AC2B366A3E005D5610 /* HintButton.swift */ = {isa = PBXFileReference; lastKnownFileType = sourcecode.swift; path = HintButton.swift; sourceTree = "<group>"; };
		EC26D1362C44ABDB0088616C /* WindowSize.swift */ = {isa = PBXFileReference; lastKnownFileType = sourcecode.swift; path = WindowSize.swift; sourceTree = "<group>"; };
		EC7D0FAB2BBB98BE0035FB6D /* SudokuTests.xctest */ = {isa = PBXFileReference; explicitFileType = wrapper.cfbundle; includeInIndex = 0; path = SudokuTests.xctest; sourceTree = BUILT_PRODUCTS_DIR; };
		EC7D0FAD2BBB98BF0035FB6D /* RowViewModelTests.swift */ = {isa = PBXFileReference; lastKnownFileType = sourcecode.swift; path = RowViewModelTests.swift; sourceTree = "<group>"; };
		EC8435DB24A58F4400D311FF /* ViewModel.swift */ = {isa = PBXFileReference; lastKnownFileType = sourcecode.swift; path = ViewModel.swift; sourceTree = "<group>"; };
		EC8435E124A9A53A00D311FF /* CoordinateColor.swift */ = {isa = PBXFileReference; lastKnownFileType = sourcecode.swift; path = CoordinateColor.swift; sourceTree = "<group>"; };
		EC8435E324AA9B8300D311FF /* EditCellGridText.swift */ = {isa = PBXFileReference; lastKnownFileType = sourcecode.swift; path = EditCellGridText.swift; sourceTree = "<group>"; };
		EC8435E524ABE61500D311FF /* GameView.swift */ = {isa = PBXFileReference; lastKnownFileType = sourcecode.swift; path = GameView.swift; sourceTree = "<group>"; };
		EC8435E724ABEBD300D311FF /* SettingsView.swift */ = {isa = PBXFileReference; lastKnownFileType = sourcecode.swift; path = SettingsView.swift; sourceTree = "<group>"; };
		EC8435EB24AD913A00D311FF /* NewGameButton.swift */ = {isa = PBXFileReference; lastKnownFileType = sourcecode.swift; path = NewGameButton.swift; sourceTree = "<group>"; };
		EC8435ED24AE4D7100D311FF /* DynamicButtonStyle.swift */ = {isa = PBXFileReference; lastKnownFileType = sourcecode.swift; path = DynamicButtonStyle.swift; sourceTree = "<group>"; };
		EC8435F124AE519100D311FF /* FullBackgroundStyle.swift */ = {isa = PBXFileReference; lastKnownFileType = sourcecode.swift; path = FullBackgroundStyle.swift; sourceTree = "<group>"; };
		EC8435F324AE5F0800D311FF /* AlertItem.swift */ = {isa = PBXFileReference; lastKnownFileType = sourcecode.swift; path = AlertItem.swift; sourceTree = "<group>"; };
		EC8435F524AE717500D311FF /* ContentViewModel.swift */ = {isa = PBXFileReference; lastKnownFileType = sourcecode.swift; path = ContentViewModel.swift; sourceTree = "<group>"; };
		EC8435F724AE728700D311FF /* SquareViewModel.swift */ = {isa = PBXFileReference; lastKnownFileType = sourcecode.swift; path = SquareViewModel.swift; sourceTree = "<group>"; };
		EC8638C42BA1222400CDC5E4 /* HowToPlayView.swift */ = {isa = PBXFileReference; lastKnownFileType = sourcecode.swift; path = HowToPlayView.swift; sourceTree = "<group>"; };
		EC8638C62BA12CE800CDC5E4 /* StaticGridView.swift */ = {isa = PBXFileReference; lastKnownFileType = sourcecode.swift; path = StaticGridView.swift; sourceTree = "<group>"; };
		EC8638C92BA1311700CDC5E4 /* StaticSquareView.swift */ = {isa = PBXFileReference; lastKnownFileType = sourcecode.swift; path = StaticSquareView.swift; sourceTree = "<group>"; };
		EC8638CB2BA1326F00CDC5E4 /* StaticRowView.swift */ = {isa = PBXFileReference; lastKnownFileType = sourcecode.swift; path = StaticRowView.swift; sourceTree = "<group>"; };
		ECC299BB2C35FECC004F5A1B /* SavedGameState.swift */ = {isa = PBXFileReference; lastKnownFileType = sourcecode.swift; path = SavedGameState.swift; sourceTree = "<group>"; };
		ECC299C32C41D059004F5A1B /* GameLevelNavigationLink.swift */ = {isa = PBXFileReference; lastKnownFileType = sourcecode.swift; path = GameLevelNavigationLink.swift; sourceTree = "<group>"; };
		ECC830A324A41BC30075CE0E /* RowViewModel.swift */ = {isa = PBXFileReference; lastKnownFileType = sourcecode.swift; path = RowViewModel.swift; sourceTree = "<group>"; };
		ECC830A524A5567C0075CE0E /* GameViewModel.swift */ = {isa = PBXFileReference; lastKnownFileType = sourcecode.swift; path = GameViewModel.swift; sourceTree = "<group>"; };
		ECE447EC2B4F514C003D0BC8 /* SudokuApp.swift */ = {isa = PBXFileReference; lastKnownFileType = sourcecode.swift; path = SudokuApp.swift; sourceTree = "<group>"; };
/* End PBXFileReference section */

/* Begin PBXFrameworksBuildPhase section */
		94E1087C2487333A0091D043 /* Frameworks */ = {
			isa = PBXFrameworksBuildPhase;
			buildActionMask = 2147483647;
			files = (
			);
			runOnlyForDeploymentPostprocessing = 0;
		};
		EC7D0FA82BBB98BE0035FB6D /* Frameworks */ = {
			isa = PBXFrameworksBuildPhase;
			buildActionMask = 2147483647;
			files = (
			);
			runOnlyForDeploymentPostprocessing = 0;
		};
/* End PBXFrameworksBuildPhase section */

/* Begin PBXGroup section */
		94A9CCB92488AA1B008551B6 /* Shared */ = {
			isa = PBXGroup;
			children = (
				94E1089824874AFB0091D043 /* Extensions.swift */,
				EC8435DB24A58F4400D311FF /* ViewModel.swift */,
				EC8435F024AE517C00D311FF /* View Modifiers */,
			);
			path = Shared;
			sourceTree = "<group>";
		};
		94E108762487333A0091D043 = {
			isa = PBXGroup;
			children = (
				94E108812487333A0091D043 /* Sudoku */,
				EC7D0FAC2BBB98BF0035FB6D /* SudokuTests */,
				94E108802487333A0091D043 /* Products */,
			);
			sourceTree = "<group>";
		};
		94E108802487333A0091D043 /* Products */ = {
			isa = PBXGroup;
			children = (
				94E1087F2487333A0091D043 /* Sudoku.app */,
				EC7D0FAB2BBB98BE0035FB6D /* SudokuTests.xctest */,
			);
			name = Products;
			sourceTree = "<group>";
		};
		94E108812487333A0091D043 /* Sudoku */ = {
			isa = PBXGroup;
			children = (
				ECE447EC2B4F514C003D0BC8 /* SudokuApp.swift */,
				EC2148A82B366588005D5610 /* API.swift */,
				94E108862487333B0091D043 /* ContentView.swift */,
				EC8435F524AE717500D311FF /* ContentViewModel.swift */,
				ECC299C32C41D059004F5A1B /* GameLevelNavigationLink.swift */,
				EC8435E724ABEBD300D311FF /* SettingsView.swift */,
				94E9F32C2493FC3300B1D003 /* SudokuSolver.swift */,
				EC8435EF24AE4E9900D311FF /* Game */,
				EC8638C82BA130EA00CDC5E4 /* How to Play */,
				94E9F330249402C800B1D003 /* Models */,
				94A9CCB92488AA1B008551B6 /* Shared */,
				94E108882487333E0091D043 /* Assets.xcassets */,
				94E1088D2487333E0091D043 /* LaunchScreen.storyboard */,
				94E108902487333E0091D043 /* Info.plist */,
				94E1088A2487333E0091D043 /* Preview Content */,
			);
			path = Sudoku;
			sourceTree = "<group>";
		};
		94E1088A2487333E0091D043 /* Preview Content */ = {
			isa = PBXGroup;
			children = (
				94E1088B2487333E0091D043 /* Preview Assets.xcassets */,
			);
			path = "Preview Content";
			sourceTree = "<group>";
		};
		94E9F330249402C800B1D003 /* Models */ = {
			isa = PBXGroup;
			children = (
				9467743C24875D4E00F636D4 /* SelectedCell.swift */,
				94600FC12499C73200E605FD /* Difficulty.swift */,
				94E9F32E2494001100B1D003 /* CoordinateValue.swift */,
				EC8435E124A9A53A00D311FF /* CoordinateColor.swift */,
				94600FB324973ECC00E605FD /* CoordinateEditValues.swift */,
				94600FB524973EF300E605FD /* EditGridValues.swift */,
				94A9CCC9248DD7A4008551B6 /* GridValues.swift */,
				94A9CCBA2488AAFE008551B6 /* UserAction.swift */,
				94E9F3332494289A00B1D003 /* EditState.swift */,
				94600FD6249B1E8400E605FD /* GridFactory.swift */,
				EC8435F324AE5F0800D311FF /* AlertItem.swift */,
				EC2148AA2B3665A2005D5610 /* ChatResponse.swift */,
				ECC299BB2C35FECC004F5A1B /* SavedGameState.swift */,
				EC26D1362C44ABDB0088616C /* WindowSize.swift */,
			);
			path = Models;
			sourceTree = "<group>";
		};
		EC7D0FAC2BBB98BF0035FB6D /* SudokuTests */ = {
			isa = PBXGroup;
			children = (
				EC7D0FAD2BBB98BF0035FB6D /* RowViewModelTests.swift */,
			);
			path = SudokuTests;
			sourceTree = "<group>";
		};
		EC8435EF24AE4E9900D311FF /* Game */ = {
			isa = PBXGroup;
			children = (
				EC8435E524ABE61500D311FF /* GameView.swift */,
				ECC830A524A5567C0075CE0E /* GameViewModel.swift */,
				EC8435EB24AD913A00D311FF /* NewGameButton.swift */,
				EC2148AC2B366A3E005D5610 /* HintButton.swift */,
				94600FBD2499C37300E605FD /* EditButton.swift */,
				94600FBF2499C4A700E605FD /* ClearButton.swift */,
				94E10896248740890091D043 /* KeysRow.swift */,
				94A9CCB72488A96D008551B6 /* KeysRowButtonText.swift */,
				ECC830A224A3F8C70075CE0E /* Grid */,
			);
			path = Game;
			sourceTree = "<group>";
		};
		EC8435F024AE517C00D311FF /* View Modifiers */ = {
			isa = PBXGroup;
			children = (
				EC8435ED24AE4D7100D311FF /* DynamicButtonStyle.swift */,
				94E1089A24874B9D0091D043 /* CornerRadiusStyle.swift */,
				EC8435F124AE519100D311FF /* FullBackgroundStyle.swift */,
			);
			path = "View Modifiers";
			sourceTree = "<group>";
		};
		EC8638C82BA130EA00CDC5E4 /* How to Play */ = {
			isa = PBXGroup;
			children = (
				EC8638C42BA1222400CDC5E4 /* HowToPlayView.swift */,
				EC8638C62BA12CE800CDC5E4 /* StaticGridView.swift */,
				EC8638C92BA1311700CDC5E4 /* StaticSquareView.swift */,
				EC8638CB2BA1326F00CDC5E4 /* StaticRowView.swift */,
			);
			path = "How to Play";
			sourceTree = "<group>";
		};
		ECC830A224A3F8C70075CE0E /* Grid */ = {
			isa = PBXGroup;
			children = (
				9467743A2487579300F636D4 /* SudokuGrid.swift */,
				946774382487572700F636D4 /* Square.swift */,
				EC8435F724AE728700D311FF /* SquareViewModel.swift */,
				94677436248756CA00F636D4 /* Row.swift */,
				ECC830A324A41BC30075CE0E /* RowViewModel.swift */,
				94A9CCB52488A394008551B6 /* RowButtonText.swift */,
				94600FB124973BD600E605FD /* EditCellGrid.swift */,
				EC8435E324AA9B8300D311FF /* EditCellGridText.swift */,
			);
			path = Grid;
			sourceTree = "<group>";
		};
/* End PBXGroup section */

/* Begin PBXNativeTarget section */
		94E1087E2487333A0091D043 /* Sudoku */ = {
			isa = PBXNativeTarget;
			buildConfigurationList = 94E108932487333F0091D043 /* Build configuration list for PBXNativeTarget "Sudoku" */;
			buildPhases = (
				94E1087B2487333A0091D043 /* Sources */,
				94E1087C2487333A0091D043 /* Frameworks */,
				94E1087D2487333A0091D043 /* Resources */,
			);
			buildRules = (
			);
			dependencies = (
			);
			name = Sudoku;
			productName = Sudoku;
			productReference = 94E1087F2487333A0091D043 /* Sudoku.app */;
			productType = "com.apple.product-type.application";
		};
		EC7D0FAA2BBB98BE0035FB6D /* SudokuTests */ = {
			isa = PBXNativeTarget;
			buildConfigurationList = EC7D0FB32BBB98BF0035FB6D /* Build configuration list for PBXNativeTarget "SudokuTests" */;
			buildPhases = (
				EC7D0FA72BBB98BE0035FB6D /* Sources */,
				EC7D0FA82BBB98BE0035FB6D /* Frameworks */,
				EC7D0FA92BBB98BE0035FB6D /* Resources */,
			);
			buildRules = (
			);
			dependencies = (
				EC7D0FB02BBB98BF0035FB6D /* PBXTargetDependency */,
			);
			name = SudokuTests;
			productName = SudokuTests;
			productReference = EC7D0FAB2BBB98BE0035FB6D /* SudokuTests.xctest */;
			productType = "com.apple.product-type.bundle.unit-test";
		};
/* End PBXNativeTarget section */

/* Begin PBXProject section */
		94E108772487333A0091D043 /* Project object */ = {
			isa = PBXProject;
			attributes = {
				BuildIndependentTargetsInParallel = YES;
				LastSwiftUpdateCheck = 1520;
				LastUpgradeCheck = 1520;
				ORGANIZATIONNAME = Self;
				TargetAttributes = {
					94E1087E2487333A0091D043 = {
						CreatedOnToolsVersion = 11.4.1;
					};
					EC7D0FAA2BBB98BE0035FB6D = {
						CreatedOnToolsVersion = 15.2;
						TestTargetID = 94E1087E2487333A0091D043;
					};
				};
			};
			buildConfigurationList = 94E1087A2487333A0091D043 /* Build configuration list for PBXProject "Sudoku" */;
			compatibilityVersion = "Xcode 9.3";
			developmentRegion = en;
			hasScannedForEncodings = 0;
			knownRegions = (
				en,
				Base,
			);
			mainGroup = 94E108762487333A0091D043;
			productRefGroup = 94E108802487333A0091D043 /* Products */;
			projectDirPath = "";
			projectRoot = "";
			targets = (
				94E1087E2487333A0091D043 /* Sudoku */,
				EC7D0FAA2BBB98BE0035FB6D /* SudokuTests */,
			);
		};
/* End PBXProject section */

/* Begin PBXResourcesBuildPhase section */
		94E1087D2487333A0091D043 /* Resources */ = {
			isa = PBXResourcesBuildPhase;
			buildActionMask = 2147483647;
			files = (
				94E1088F2487333E0091D043 /* LaunchScreen.storyboard in Resources */,
				94E1088C2487333E0091D043 /* Preview Assets.xcassets in Resources */,
				94E108892487333E0091D043 /* Assets.xcassets in Resources */,
			);
			runOnlyForDeploymentPostprocessing = 0;
		};
		EC7D0FA92BBB98BE0035FB6D /* Resources */ = {
			isa = PBXResourcesBuildPhase;
			buildActionMask = 2147483647;
			files = (
			);
			runOnlyForDeploymentPostprocessing = 0;
		};
/* End PBXResourcesBuildPhase section */

/* Begin PBXSourcesBuildPhase section */
		94E1087B2487333A0091D043 /* Sources */ = {
			isa = PBXSourcesBuildPhase;
			buildActionMask = 2147483647;
			files = (
				94A9CCB82488A96D008551B6 /* KeysRowButtonText.swift in Sources */,
				94E9F3342494289A00B1D003 /* EditState.swift in Sources */,
				94600FD7249B1E8400E605FD /* GridFactory.swift in Sources */,
				946774392487572700F636D4 /* Square.swift in Sources */,
				EC8435F224AE519100D311FF /* FullBackgroundStyle.swift in Sources */,
				94600FC22499C73200E605FD /* Difficulty.swift in Sources */,
				94E1089B24874B9D0091D043 /* CornerRadiusStyle.swift in Sources */,
				ECC830A424A41BC30075CE0E /* RowViewModel.swift in Sources */,
				EC26D1372C44ABDB0088616C /* WindowSize.swift in Sources */,
				94E1089924874AFB0091D043 /* Extensions.swift in Sources */,
				EC8435E424AA9B8300D311FF /* EditCellGridText.swift in Sources */,
				EC8638C72BA12CE800CDC5E4 /* StaticGridView.swift in Sources */,
				94600FBE2499C37300E605FD /* EditButton.swift in Sources */,
				94E10897248740890091D043 /* KeysRow.swift in Sources */,
				ECC299BC2C35FECC004F5A1B /* SavedGameState.swift in Sources */,
				EC8435F624AE717500D311FF /* ContentViewModel.swift in Sources */,
				94E9F32F2494001100B1D003 /* CoordinateValue.swift in Sources */,
				EC2148AB2B3665A2005D5610 /* ChatResponse.swift in Sources */,
				94600FB624973EF300E605FD /* EditGridValues.swift in Sources */,
				EC8638C52BA1222400CDC5E4 /* HowToPlayView.swift in Sources */,
				ECC299C42C41D059004F5A1B /* GameLevelNavigationLink.swift in Sources */,
				ECC830A624A5567C0075CE0E /* GameViewModel.swift in Sources */,
				EC8435F424AE5F0800D311FF /* AlertItem.swift in Sources */,
				94600FC02499C4A700E605FD /* ClearButton.swift in Sources */,
				94600FB424973ECC00E605FD /* CoordinateEditValues.swift in Sources */,
				EC2148A92B366588005D5610 /* API.swift in Sources */,
				EC8638CA2BA1311700CDC5E4 /* StaticSquareView.swift in Sources */,
				EC8435E224A9A53A00D311FF /* CoordinateColor.swift in Sources */,
				EC8435E824ABEBD300D311FF /* SettingsView.swift in Sources */,
				EC8435EC24AD913A00D311FF /* NewGameButton.swift in Sources */,
				EC2148AD2B366A3E005D5610 /* HintButton.swift in Sources */,
				94600FB224973BD600E605FD /* EditCellGrid.swift in Sources */,
				EC8435DC24A58F4400D311FF /* ViewModel.swift in Sources */,
				ECE447ED2B4F514C003D0BC8 /* SudokuApp.swift in Sources */,
				94A9CCCA248DD7A4008551B6 /* GridValues.swift in Sources */,
				EC8435EE24AE4D7100D311FF /* DynamicButtonStyle.swift in Sources */,
				9467743D24875D4E00F636D4 /* SelectedCell.swift in Sources */,
				94677437248756CA00F636D4 /* Row.swift in Sources */,
				94E9F32D2493FC3300B1D003 /* SudokuSolver.swift in Sources */,
				94E108872487333B0091D043 /* ContentView.swift in Sources */,
				9467743B2487579300F636D4 /* SudokuGrid.swift in Sources */,
				94A9CCBB2488AAFE008551B6 /* UserAction.swift in Sources */,
				EC8435F824AE728700D311FF /* SquareViewModel.swift in Sources */,
				94A9CCB62488A394008551B6 /* RowButtonText.swift in Sources */,
				EC8435E624ABE61500D311FF /* GameView.swift in Sources */,
				EC8638CC2BA1326F00CDC5E4 /* StaticRowView.swift in Sources */,
			);
			runOnlyForDeploymentPostprocessing = 0;
		};
		EC7D0FA72BBB98BE0035FB6D /* Sources */ = {
			isa = PBXSourcesBuildPhase;
			buildActionMask = 2147483647;
			files = (
				EC7D0FAE2BBB98BF0035FB6D /* RowViewModelTests.swift in Sources */,
			);
			runOnlyForDeploymentPostprocessing = 0;
		};
/* End PBXSourcesBuildPhase section */

/* Begin PBXTargetDependency section */
		EC7D0FB02BBB98BF0035FB6D /* PBXTargetDependency */ = {
			isa = PBXTargetDependency;
			target = 94E1087E2487333A0091D043 /* Sudoku */;
			targetProxy = EC7D0FAF2BBB98BF0035FB6D /* PBXContainerItemProxy */;
		};
/* End PBXTargetDependency section */

/* Begin PBXVariantGroup section */
		94E1088D2487333E0091D043 /* LaunchScreen.storyboard */ = {
			isa = PBXVariantGroup;
			children = (
				94E1088E2487333E0091D043 /* Base */,
			);
			name = LaunchScreen.storyboard;
			sourceTree = "<group>";
		};
/* End PBXVariantGroup section */

/* Begin XCBuildConfiguration section */
		94E108912487333F0091D043 /* Debug */ = {
			isa = XCBuildConfiguration;
			buildSettings = {
				ALWAYS_SEARCH_USER_PATHS = NO;
				ASSETCATALOG_COMPILER_GENERATE_SWIFT_ASSET_SYMBOL_EXTENSIONS = YES;
				CLANG_ANALYZER_NONNULL = YES;
				CLANG_ANALYZER_NUMBER_OBJECT_CONVERSION = YES_AGGRESSIVE;
				CLANG_CXX_LANGUAGE_STANDARD = "gnu++14";
				CLANG_CXX_LIBRARY = "libc++";
				CLANG_ENABLE_MODULES = YES;
				CLANG_ENABLE_OBJC_ARC = YES;
				CLANG_ENABLE_OBJC_WEAK = YES;
				CLANG_WARN_BLOCK_CAPTURE_AUTORELEASING = YES;
				CLANG_WARN_BOOL_CONVERSION = YES;
				CLANG_WARN_COMMA = YES;
				CLANG_WARN_CONSTANT_CONVERSION = YES;
				CLANG_WARN_DEPRECATED_OBJC_IMPLEMENTATIONS = YES;
				CLANG_WARN_DIRECT_OBJC_ISA_USAGE = YES_ERROR;
				CLANG_WARN_DOCUMENTATION_COMMENTS = YES;
				CLANG_WARN_EMPTY_BODY = YES;
				CLANG_WARN_ENUM_CONVERSION = YES;
				CLANG_WARN_INFINITE_RECURSION = YES;
				CLANG_WARN_INT_CONVERSION = YES;
				CLANG_WARN_NON_LITERAL_NULL_CONVERSION = YES;
				CLANG_WARN_OBJC_IMPLICIT_RETAIN_SELF = YES;
				CLANG_WARN_OBJC_LITERAL_CONVERSION = YES;
				CLANG_WARN_OBJC_ROOT_CLASS = YES_ERROR;
				CLANG_WARN_QUOTED_INCLUDE_IN_FRAMEWORK_HEADER = YES;
				CLANG_WARN_RANGE_LOOP_ANALYSIS = YES;
				CLANG_WARN_STRICT_PROTOTYPES = YES;
				CLANG_WARN_SUSPICIOUS_MOVE = YES;
				CLANG_WARN_UNGUARDED_AVAILABILITY = YES_AGGRESSIVE;
				CLANG_WARN_UNREACHABLE_CODE = YES;
				CLANG_WARN__DUPLICATE_METHOD_MATCH = YES;
				COPY_PHASE_STRIP = NO;
				DEBUG_INFORMATION_FORMAT = dwarf;
				ENABLE_STRICT_OBJC_MSGSEND = YES;
				ENABLE_TESTABILITY = YES;
				ENABLE_USER_SCRIPT_SANDBOXING = YES;
				GCC_C_LANGUAGE_STANDARD = gnu11;
				GCC_DYNAMIC_NO_PIC = NO;
				GCC_NO_COMMON_BLOCKS = YES;
				GCC_OPTIMIZATION_LEVEL = 0;
				GCC_PREPROCESSOR_DEFINITIONS = (
					"DEBUG=1",
					"$(inherited)",
				);
				GCC_WARN_64_TO_32_BIT_CONVERSION = YES;
				GCC_WARN_ABOUT_RETURN_TYPE = YES_ERROR;
				GCC_WARN_UNDECLARED_SELECTOR = YES;
				GCC_WARN_UNINITIALIZED_AUTOS = YES_AGGRESSIVE;
				GCC_WARN_UNUSED_FUNCTION = YES;
				GCC_WARN_UNUSED_VARIABLE = YES;
				IPHONEOS_DEPLOYMENT_TARGET = 17.0;
				MTL_ENABLE_DEBUG_INFO = INCLUDE_SOURCE;
				MTL_FAST_MATH = YES;
				ONLY_ACTIVE_ARCH = YES;
				SDKROOT = iphoneos;
				SWIFT_ACTIVE_COMPILATION_CONDITIONS = DEBUG;
				SWIFT_OPTIMIZATION_LEVEL = "-Onone";
				XROS_DEPLOYMENT_TARGET = 1.2;
			};
			name = Debug;
		};
		94E108922487333F0091D043 /* Release */ = {
			isa = XCBuildConfiguration;
			buildSettings = {
				ALWAYS_SEARCH_USER_PATHS = NO;
				ASSETCATALOG_COMPILER_GENERATE_SWIFT_ASSET_SYMBOL_EXTENSIONS = YES;
				CLANG_ANALYZER_NONNULL = YES;
				CLANG_ANALYZER_NUMBER_OBJECT_CONVERSION = YES_AGGRESSIVE;
				CLANG_CXX_LANGUAGE_STANDARD = "gnu++14";
				CLANG_CXX_LIBRARY = "libc++";
				CLANG_ENABLE_MODULES = YES;
				CLANG_ENABLE_OBJC_ARC = YES;
				CLANG_ENABLE_OBJC_WEAK = YES;
				CLANG_WARN_BLOCK_CAPTURE_AUTORELEASING = YES;
				CLANG_WARN_BOOL_CONVERSION = YES;
				CLANG_WARN_COMMA = YES;
				CLANG_WARN_CONSTANT_CONVERSION = YES;
				CLANG_WARN_DEPRECATED_OBJC_IMPLEMENTATIONS = YES;
				CLANG_WARN_DIRECT_OBJC_ISA_USAGE = YES_ERROR;
				CLANG_WARN_DOCUMENTATION_COMMENTS = YES;
				CLANG_WARN_EMPTY_BODY = YES;
				CLANG_WARN_ENUM_CONVERSION = YES;
				CLANG_WARN_INFINITE_RECURSION = YES;
				CLANG_WARN_INT_CONVERSION = YES;
				CLANG_WARN_NON_LITERAL_NULL_CONVERSION = YES;
				CLANG_WARN_OBJC_IMPLICIT_RETAIN_SELF = YES;
				CLANG_WARN_OBJC_LITERAL_CONVERSION = YES;
				CLANG_WARN_OBJC_ROOT_CLASS = YES_ERROR;
				CLANG_WARN_QUOTED_INCLUDE_IN_FRAMEWORK_HEADER = YES;
				CLANG_WARN_RANGE_LOOP_ANALYSIS = YES;
				CLANG_WARN_STRICT_PROTOTYPES = YES;
				CLANG_WARN_SUSPICIOUS_MOVE = YES;
				CLANG_WARN_UNGUARDED_AVAILABILITY = YES_AGGRESSIVE;
				CLANG_WARN_UNREACHABLE_CODE = YES;
				CLANG_WARN__DUPLICATE_METHOD_MATCH = YES;
				COPY_PHASE_STRIP = NO;
				DEBUG_INFORMATION_FORMAT = "dwarf-with-dsym";
				ENABLE_NS_ASSERTIONS = NO;
				ENABLE_STRICT_OBJC_MSGSEND = YES;
				ENABLE_USER_SCRIPT_SANDBOXING = YES;
				GCC_C_LANGUAGE_STANDARD = gnu11;
				GCC_NO_COMMON_BLOCKS = YES;
				GCC_WARN_64_TO_32_BIT_CONVERSION = YES;
				GCC_WARN_ABOUT_RETURN_TYPE = YES_ERROR;
				GCC_WARN_UNDECLARED_SELECTOR = YES;
				GCC_WARN_UNINITIALIZED_AUTOS = YES_AGGRESSIVE;
				GCC_WARN_UNUSED_FUNCTION = YES;
				GCC_WARN_UNUSED_VARIABLE = YES;
				IPHONEOS_DEPLOYMENT_TARGET = 17.0;
				MTL_ENABLE_DEBUG_INFO = NO;
				MTL_FAST_MATH = YES;
				SDKROOT = iphoneos;
				SWIFT_COMPILATION_MODE = wholemodule;
				SWIFT_OPTIMIZATION_LEVEL = "-O";
				VALIDATE_PRODUCT = YES;
				XROS_DEPLOYMENT_TARGET = 1.2;
			};
			name = Release;
		};
		94E108942487333F0091D043 /* Debug */ = {
			isa = XCBuildConfiguration;
			buildSettings = {
				ASSETCATALOG_COMPILER_APPICON_NAME = AppIcon;
				CODE_SIGN_STYLE = Automatic;
				CURRENT_PROJECT_VERSION = 20;
				DEVELOPMENT_ASSET_PATHS = "\"Sudoku/Preview Content\"";
				DEVELOPMENT_TEAM = 49BZEB79BF;
				ENABLE_PREVIEWS = YES;
				INFOPLIST_FILE = Sudoku/Info.plist;
				INFOPLIST_KEY_LSApplicationCategoryType = "public.app-category.puzzle-games";
				IPHONEOS_DEPLOYMENT_TARGET = 17.0;
				LD_RUNPATH_SEARCH_PATHS = (
					"$(inherited)",
					"@executable_path/Frameworks",
				);
				MARKETING_VERSION = 4.4.0;
				PRODUCT_BUNDLE_IDENTIFIER = com.rckim.Sudoku;
				PRODUCT_NAME = "$(TARGET_NAME)";
				SUPPORTED_PLATFORMS = "iphoneos iphonesimulator xros xrsimulator";
				SUPPORTS_MACCATALYST = NO;
				SUPPORTS_XR_DESIGNED_FOR_IPHONE_IPAD = NO;
				SWIFT_VERSION = 5.0;
				TARGETED_DEVICE_FAMILY = "1,2,7";
				XROS_DEPLOYMENT_TARGET = 1.2;
			};
			name = Debug;
		};
		94E108952487333F0091D043 /* Release */ = {
			isa = XCBuildConfiguration;
			buildSettings = {
				ASSETCATALOG_COMPILER_APPICON_NAME = AppIcon;
				CODE_SIGN_STYLE = Automatic;
				CURRENT_PROJECT_VERSION = 20;
				DEVELOPMENT_ASSET_PATHS = "\"Sudoku/Preview Content\"";
				DEVELOPMENT_TEAM = 49BZEB79BF;
				ENABLE_PREVIEWS = YES;
				INFOPLIST_FILE = Sudoku/Info.plist;
				INFOPLIST_KEY_LSApplicationCategoryType = "public.app-category.puzzle-games";
				IPHONEOS_DEPLOYMENT_TARGET = 17.0;
				LD_RUNPATH_SEARCH_PATHS = (
					"$(inherited)",
					"@executable_path/Frameworks",
				);
				MARKETING_VERSION = 4.4.0;
				PRODUCT_BUNDLE_IDENTIFIER = com.rckim.Sudoku;
				PRODUCT_NAME = "$(TARGET_NAME)";
				SUPPORTED_PLATFORMS = "iphoneos iphonesimulator xros xrsimulator";
				SUPPORTS_MACCATALYST = NO;
				SUPPORTS_XR_DESIGNED_FOR_IPHONE_IPAD = NO;
				SWIFT_VERSION = 5.0;
				TARGETED_DEVICE_FAMILY = "1,2,7";
				XROS_DEPLOYMENT_TARGET = 1.2;
			};
			name = Release;
		};
		EC7D0FB12BBB98BF0035FB6D /* Debug */ = {
			isa = XCBuildConfiguration;
			buildSettings = {
				BUNDLE_LOADER = "$(TEST_HOST)";
				CLANG_CXX_LANGUAGE_STANDARD = "gnu++20";
				CODE_SIGN_STYLE = Automatic;
				CURRENT_PROJECT_VERSION = 1;
				DEVELOPMENT_TEAM = 49BZEB79BF;
				GCC_C_LANGUAGE_STANDARD = gnu17;
				GENERATE_INFOPLIST_FILE = YES;
				IPHONEOS_DEPLOYMENT_TARGET = 17.2;
				LOCALIZATION_PREFERS_STRING_CATALOGS = YES;
				MARKETING_VERSION = 1.0;
				PRODUCT_BUNDLE_IDENTIFIER = rckim.SudokuTests;
				PRODUCT_NAME = "$(TARGET_NAME)";
				SUPPORTED_PLATFORMS = "iphoneos iphonesimulator xros xrsimulator";
				SUPPORTS_MACCATALYST = NO;
				SUPPORTS_XR_DESIGNED_FOR_IPHONE_IPAD = NO;
				SWIFT_ACTIVE_COMPILATION_CONDITIONS = "DEBUG $(inherited)";
				SWIFT_EMIT_LOC_STRINGS = NO;
				SWIFT_VERSION = 5.0;
				TARGETED_DEVICE_FAMILY = "1,2,7";
				TEST_HOST = "$(BUILT_PRODUCTS_DIR)/Sudoku.app/$(BUNDLE_EXECUTABLE_FOLDER_PATH)/Sudoku";
			};
			name = Debug;
		};
		EC7D0FB22BBB98BF0035FB6D /* Release */ = {
			isa = XCBuildConfiguration;
			buildSettings = {
				BUNDLE_LOADER = "$(TEST_HOST)";
				CLANG_CXX_LANGUAGE_STANDARD = "gnu++20";
				CODE_SIGN_STYLE = Automatic;
				CURRENT_PROJECT_VERSION = 1;
				DEVELOPMENT_TEAM = 49BZEB79BF;
				GCC_C_LANGUAGE_STANDARD = gnu17;
				GENERATE_INFOPLIST_FILE = YES;
				IPHONEOS_DEPLOYMENT_TARGET = 17.2;
				LOCALIZATION_PREFERS_STRING_CATALOGS = YES;
				MARKETING_VERSION = 1.0;
				PRODUCT_BUNDLE_IDENTIFIER = rckim.SudokuTests;
				PRODUCT_NAME = "$(TARGET_NAME)";
				SUPPORTED_PLATFORMS = "iphoneos iphonesimulator xros xrsimulator";
				SUPPORTS_MACCATALYST = NO;
				SUPPORTS_XR_DESIGNED_FOR_IPHONE_IPAD = NO;
				SWIFT_EMIT_LOC_STRINGS = NO;
				SWIFT_VERSION = 5.0;
				TARGETED_DEVICE_FAMILY = "1,2,7";
				TEST_HOST = "$(BUILT_PRODUCTS_DIR)/Sudoku.app/$(BUNDLE_EXECUTABLE_FOLDER_PATH)/Sudoku";
			};
			name = Release;
		};
/* End XCBuildConfiguration section */

/* Begin XCConfigurationList section */
		94E1087A2487333A0091D043 /* Build configuration list for PBXProject "Sudoku" */ = {
			isa = XCConfigurationList;
			buildConfigurations = (
				94E108912487333F0091D043 /* Debug */,
				94E108922487333F0091D043 /* Release */,
			);
			defaultConfigurationIsVisible = 0;
			defaultConfigurationName = Release;
		};
		94E108932487333F0091D043 /* Build configuration list for PBXNativeTarget "Sudoku" */ = {
			isa = XCConfigurationList;
			buildConfigurations = (
				94E108942487333F0091D043 /* Debug */,
				94E108952487333F0091D043 /* Release */,
			);
			defaultConfigurationIsVisible = 0;
			defaultConfigurationName = Release;
		};
		EC7D0FB32BBB98BF0035FB6D /* Build configuration list for PBXNativeTarget "SudokuTests" */ = {
			isa = XCConfigurationList;
			buildConfigurations = (
				EC7D0FB12BBB98BF0035FB6D /* Debug */,
				EC7D0FB22BBB98BF0035FB6D /* Release */,
			);
			defaultConfigurationIsVisible = 0;
			defaultConfigurationName = Release;
		};
/* End XCConfigurationList section */
	};
	rootObject = 94E108772487333A0091D043 /* Project object */;
}
