{
  "originHash" : "4222888b151bbfeb3af2cc2401ef09a1c4a9d2995c29bb137828fe949aaea9d0",
  "pins" : [
    {
      "identity" : "aiproxyswift",
      "kind" : "remoteSourceControl",
      "location" : "https://github.com/lzell/aiproxyswift",
      "state" : {
        "branch" : "main",
        "revision" : "73cd9aea0275b01118867c50e1168af29a1b0826"
      }
    }
  ],
  "version" : 3
}
