{
  "originHash" : "4222888b151bbfeb3af2cc2401ef09a1c4a9d2995c29bb137828fe949aaea9d0",
  "pins" : [
    {
      "identity" : "aiproxyswift",
      "kind" : "remoteSourceControl",
      "location" : "https://github.com/lzell/aiproxyswift",
      "state" : {
        "branch" : "main",
        "revision" : "2dac6b8d720d10b0cfa9c97d95f896f82f80f938"
      }
    }
  ],
  "version" : 3
}
